
Microsoft Visual Studio Solution File, Format Version 12.00
# Visual Studio Version 17
VisualStudioVersion = 17.5.33627.172
MinimumVisualStudioVersion = 10.0.40219.1
Project("{9A19103F-16F7-4668-BE54-9A1E7A4F7556}") = "BattleShip", "BattleShip\BattleShip.csproj", "{68AD9300-4BD8-4700-A3C9-A184F2DA5B5F}"
EndProject
Project("{FAE04EC0-301F-11D3-BF4B-00C04F79EFBC}") = "BattleShip.UnitTests", "BattleShip.UnitTests\BattleShip.UnitTests.csproj", "{77D15DFA-A88E-4A21-8D65-A008654DC5BC}"
EndProject
Global
	GlobalSection(SolutionConfigurationPlatforms) = preSolution
		Debug|Any CPU = Debug|Any CPU
		Release|Any CPU = Release|Any CPU
	EndGlobalSection
	GlobalSection(ProjectConfigurationPlatforms) = postSolution
		{68AD9300-4BD8-4700-A3C9-A184F2DA5B5F}.Debug|Any CPU.ActiveCfg = Debug|Any CPU
		{68AD9300-4BD8-4700-A3C9-A184F2DA5B5F}.Debug|Any CPU.Build.0 = Debug|Any CPU
		{68AD9300-4BD8-4700-A3C9-A184F2DA5B5F}.Release|Any CPU.ActiveCfg = Release|Any CPU
		{68AD9300-4BD8-4700-A3C9-A184F2DA5B5F}.Release|Any CPU.Build.0 = Release|Any CPU
		{77D15DFA-A88E-4A21-8D65-A008654DC5BC}.Debug|Any CPU.ActiveCfg = Debug|Any CPU
		{77D15DFA-A88E-4A21-8D65-A008654DC5BC}.Debug|Any CPU.Build.0 = Debug|Any CPU
		{77D15DFA-A88E-4A21-8D65-A008654DC5BC}.Release|Any CPU.ActiveCfg = Release|Any CPU
		{77D15DFA-A88E-4A21-8D65-A008654DC5BC}.Release|Any CPU.Build.0 = Release|Any CPU
	EndGlobalSection
	GlobalSection(SolutionProperties) = preSolution
		HideSolutionNode = FALSE
	EndGlobalSection
	GlobalSection(ExtensibilityGlobals) = postSolution
		SolutionGuid = {6921CD39-8732-4206-A933-7EB79FAA8480}
	EndGlobalSection
EndGlobal
